
Microsoft Visual Studio Solution File, Format Version 12.00
# Visual Studio Version 17
VisualStudioVersion = 17.0.31903.59
MinimumVisualStudioVersion = 10.0.40219.1
Project("{FAE04EC0-301F-11D3-BF4B-00C04F79EFBC}") = "AIDLC-CLI", "AIDLC-CLI\AIDLC-CLI.csproj", "{F54E18C9-4C44-4BD8-80B5-8EE53507F997}"
EndProject
Project("{FAE04EC0-301F-11D3-BF4B-00C04F79EFBC}") = "AIDLC-CLI.Tests", "AIDLC-CLI.Tests\AIDLC-CLI.Tests.csproj", "{377D28AC-5222-4749-96CA-FC637B973D1D}"
EndProject
Global
	GlobalSection(SolutionConfigurationPlatforms) = preSolution
		Debug|Any CPU = Debug|Any CPU
		Release|Any CPU = Release|Any CPU
	EndGlobalSection
	GlobalSection(SolutionProperties) = preSolution
		HideSolutionNode = FALSE
	EndGlobalSection
	GlobalSection(ProjectConfigurationPlatforms) = postSolution
		{F54E18C9-4C44-4BD8-80B5-8EE53507F997}.Debug|Any CPU.ActiveCfg = Debug|Any CPU
		{F54E18C9-4C44-4BD8-80B5-8EE53507F997}.Debug|Any CPU.Build.0 = Debug|Any CPU
		{F54E18C9-4C44-4BD8-80B5-8EE53507F997}.Release|Any CPU.ActiveCfg = Release|Any CPU
		{F54E18C9-4C44-4BD8-80B5-8EE53507F997}.Release|Any CPU.Build.0 = Release|Any CPU
		{377D28AC-5222-4749-96CA-FC637B973D1D}.Debug|Any CPU.ActiveCfg = Debug|Any CPU
		{377D28AC-5222-4749-96CA-FC637B973D1D}.Debug|Any CPU.Build.0 = Debug|Any CPU
		{377D28AC-5222-4749-96CA-FC637B973D1D}.Release|Any CPU.ActiveCfg = Release|Any CPU
		{377D28AC-5222-4749-96CA-FC637B973D1D}.Release|Any CPU.Build.0 = Release|Any CPU
	EndGlobalSection
EndGlobal
